
Microsoft Visual Studio Solution File, Format Version 12.00
# Visual Studio Version 17
VisualStudioVersion = 17.12.35707.178
MinimumVisualStudioVersion = 10.0.40219.1
Project("{FAE04EC0-301F-11D3-BF4B-00C04F79EFBC}") = "PDFViewerMAUI", "PDFViewerMAUI\PDFViewerMAUI.csproj", "{53753BDA-6262-4399-A8A4-703E4269B5CE}"
EndProject
Project("{FAE04EC0-301F-11D3-BF4B-00C04F79EFBC}") = "PDFViewerUnitTests", "PDFViewerUnitTests\PDFViewerUnitTests.csproj", "{48E83F99-0958-486D-B0C2-96E44D6ACC5D}"
EndProject
Global
	GlobalSection(SolutionConfigurationPlatforms) = preSolution
		Debug|Any CPU = Debug|Any CPU
		Release|Any CPU = Release|Any CPU
	EndGlobalSection
	GlobalSection(ProjectConfigurationPlatforms) = postSolution
		{53753BDA-6262-4399-A8A4-703E4269B5CE}.Debug|Any CPU.ActiveCfg = Debug|Any CPU
		{53753BDA-6262-4399-A8A4-703E4269B5CE}.Debug|Any CPU.Build.0 = Debug|Any CPU
		{53753BDA-6262-4399-A8A4-703E4269B5CE}.Debug|Any CPU.Deploy.0 = Debug|Any CPU
		{53753BDA-6262-4399-A8A4-703E4269B5CE}.Release|Any CPU.ActiveCfg = Release|Any CPU
		{53753BDA-6262-4399-A8A4-703E4269B5CE}.Release|Any CPU.Build.0 = Release|Any CPU
		{53753BDA-6262-4399-A8A4-703E4269B5CE}.Release|Any CPU.Deploy.0 = Release|Any CPU
		{48E83F99-0958-486D-B0C2-96E44D6ACC5D}.Debug|Any CPU.ActiveCfg = Debug|Any CPU
		{48E83F99-0958-486D-B0C2-96E44D6ACC5D}.Debug|Any CPU.Build.0 = Debug|Any CPU
		{48E83F99-0958-486D-B0C2-96E44D6ACC5D}.Release|Any CPU.ActiveCfg = Release|Any CPU
		{48E83F99-0958-486D-B0C2-96E44D6ACC5D}.Release|Any CPU.Build.0 = Release|Any CPU
	EndGlobalSection
	GlobalSection(SolutionProperties) = preSolution
		HideSolutionNode = FALSE
	EndGlobalSection
EndGlobal
